// !$*UTF8*$!
{
	archiveVersion = 1;
	classes = {
	};
	objectVersion = 50;
	objects = {

/* Begin PBXBuildFile section */
		5A7C56B128E422A3003A3C6D /* ListCVC.swift in Sources */ = {isa = PBXBuildFile; fileRef = 5A7C56AF28E422A3003A3C6D /* ListCVC.swift */; };
		5A7C56B228E422A3003A3C6D /* ListCVC.xib in Resources */ = {isa = PBXBuildFile; fileRef = 5A7C56B028E422A3003A3C6D /* ListCVC.xib */; };
		5A7C56B728E432AF003A3C6D /* EmployeeDetailViewController.swift in Sources */ = {isa = PBXBuildFile; fileRef = 5A7C56B628E432AF003A3C6D /* EmployeeDetailViewController.swift */; };
		5A96CF6628E18FCA0027325D /* AppDelegate.swift in Sources */ = {isa = PBXBuildFile; fileRef = 5A96CF6528E18FCA0027325D /* AppDelegate.swift */; };
		5A96CF6828E18FCA0027325D /* SceneDelegate.swift in Sources */ = {isa = PBXBuildFile; fileRef = 5A96CF6728E18FCA0027325D /* SceneDelegate.swift */; };
		5A96CF6A28E18FCA0027325D /* ViewController.swift in Sources */ = {isa = PBXBuildFile; fileRef = 5A96CF6928E18FCA0027325D /* ViewController.swift */; };
		5A96CF6D28E18FCA0027325D /* Main.storyboard in Resources */ = {isa = PBXBuildFile; fileRef = 5A96CF6B28E18FCA0027325D /* Main.storyboard */; };
		5A96CF7028E18FCA0027325D /* sushilCoreDataPractise.xcdatamodeld in Sources */ = {isa = PBXBuildFile; fileRef = 5A96CF6E28E18FCA0027325D /* sushilCoreDataPractise.xcdatamodeld */; };
		5A96CF7228E18FD60027325D /* Assets.xcassets in Resources */ = {isa = PBXBuildFile; fileRef = 5A96CF7128E18FD60027325D /* Assets.xcassets */; };
		5A96CF7528E18FD60027325D /* LaunchScreen.storyboard in Resources */ = {isa = PBXBuildFile; fileRef = 5A96CF7328E18FD60027325D /* LaunchScreen.storyboard */; };
		5A96CF8028E18FD60027325D /* sushilCoreDataPractiseTests.swift in Sources */ = {isa = PBXBuildFile; fileRef = 5A96CF7F28E18FD60027325D /* sushilCoreDataPractiseTests.swift */; };
		5A96CF8B28E18FD60027325D /* sushilCoreDataPractiseUITests.swift in Sources */ = {isa = PBXBuildFile; fileRef = 5A96CF8A28E18FD60027325D /* sushilCoreDataPractiseUITests.swift */; };
		5A96CF9D28E192850027325D /* CoreData.framework in Frameworks */ = {isa = PBXBuildFile; fileRef = 5A96CF9C28E192850027325D /* CoreData.framework */; };
		5A96CFA028E1938B0027325D /* Employee+CoreDataClass.swift in Sources */ = {isa = PBXBuildFile; fileRef = 5A96CF9E28E1938B0027325D /* Employee+CoreDataClass.swift */; };
		5A96CFA128E1938B0027325D /* Employee+CoreDataProperties.swift in Sources */ = {isa = PBXBuildFile; fileRef = 5A96CF9F28E1938B0027325D /* Employee+CoreDataProperties.swift */; };
		5A96CFB028E193C00027325D /* DataBase.swift in Sources */ = {isa = PBXBuildFile; fileRef = 5A96CFAF28E193C00027325D /* DataBase.swift */; };
		5A96CFBA28E1948A0027325D /* FetchData.storyboard in Resources */ = {isa = PBXBuildFile; fileRef = 5A96CFB928E1948A0027325D /* FetchData.storyboard */; };
		5A96CFC428E1B0A40027325D /* SecondViewController.swift in Sources */ = {isa = PBXBuildFile; fileRef = 5A96CFC328E1B0A40027325D /* SecondViewController.swift */; };
/* End PBXBuildFile section */

/* Begin PBXContainerItemProxy section */
		5A96CF7C28E18FD60027325D /* PBXContainerItemProxy */ = {
			isa = PBXContainerItemProxy;
			containerPortal = 5A96CF5A28E18FC90027325D /* Project object */;
			proxyType = 1;
			remoteGlobalIDString = 5A96CF6128E18FCA0027325D;
			remoteInfo = sushilCoreDataPractise;
		};
		5A96CF8728E18FD60027325D /* PBXContainerItemProxy */ = {
			isa = PBXContainerItemProxy;
			containerPortal = 5A96CF5A28E18FC90027325D /* Project object */;
			proxyType = 1;
			remoteGlobalIDString = 5A96CF6128E18FCA0027325D;
			remoteInfo = sushilCoreDataPractise;
		};
/* End PBXContainerItemProxy section */

/* Begin PBXFileReference section */
		5A7C56AF28E422A3003A3C6D /* ListCVC.swift */ = {isa = PBXFileReference; lastKnownFileType = sourcecode.swift; path = ListCVC.swift; sourceTree = "<group>"; };
		5A7C56B028E422A3003A3C6D /* ListCVC.xib */ = {isa = PBXFileReference; lastKnownFileType = file.xib; path = ListCVC.xib; sourceTree = "<group>"; };
		5A7C56B628E432AF003A3C6D /* EmployeeDetailViewController.swift */ = {isa = PBXFileReference; lastKnownFileType = sourcecode.swift; path = EmployeeDetailViewController.swift; sourceTree = "<group>"; };
		5A96CF6228E18FCA0027325D /* sushilCoreDataPractise.app */ = {isa = PBXFileReference; explicitFileType = wrapper.application; includeInIndex = 0; path = sushilCoreDataPractise.app; sourceTree = BUILT_PRODUCTS_DIR; };
		5A96CF6528E18FCA0027325D /* AppDelegate.swift */ = {isa = PBXFileReference; lastKnownFileType = sourcecode.swift; path = AppDelegate.swift; sourceTree = "<group>"; };
		5A96CF6728E18FCA0027325D /* SceneDelegate.swift */ = {isa = PBXFileReference; lastKnownFileType = sourcecode.swift; path = SceneDelegate.swift; sourceTree = "<group>"; };
		5A96CF6928E18FCA0027325D /* ViewController.swift */ = {isa = PBXFileReference; lastKnownFileType = sourcecode.swift; path = ViewController.swift; sourceTree = "<group>"; };
		5A96CF6C28E18FCA0027325D /* Base */ = {isa = PBXFileReference; lastKnownFileType = file.storyboard; name = Base; path = Base.lproj/Main.storyboard; sourceTree = "<group>"; };
		5A96CF6F28E18FCA0027325D /* sushilCoreDataPractise.xcdatamodel */ = {isa = PBXFileReference; lastKnownFileType = wrapper.xcdatamodel; path = sushilCoreDataPractise.xcdatamodel; sourceTree = "<group>"; };
		5A96CF7128E18FD60027325D /* Assets.xcassets */ = {isa = PBXFileReference; lastKnownFileType = folder.assetcatalog; path = Assets.xcassets; sourceTree = "<group>"; };
		5A96CF7428E18FD60027325D /* Base */ = {isa = PBXFileReference; lastKnownFileType = file.storyboard; name = Base; path = Base.lproj/LaunchScreen.storyboard; sourceTree = "<group>"; };
		5A96CF7628E18FD60027325D /* Info.plist */ = {isa = PBXFileReference; lastKnownFileType = text.plist.xml; path = Info.plist; sourceTree = "<group>"; };
		5A96CF7B28E18FD60027325D /* sushilCoreDataPractiseTests.xctest */ = {isa = PBXFileReference; explicitFileType = wrapper.cfbundle; includeInIndex = 0; path = sushilCoreDataPractiseTests.xctest; sourceTree = BUILT_PRODUCTS_DIR; };
		5A96CF7F28E18FD60027325D /* sushilCoreDataPractiseTests.swift */ = {isa = PBXFileReference; lastKnownFileType = sourcecode.swift; path = sushilCoreDataPractiseTests.swift; sourceTree = "<group>"; };
		5A96CF8128E18FD60027325D /* Info.plist */ = {isa = PBXFileReference; lastKnownFileType = text.plist.xml; path = Info.plist; sourceTree = "<group>"; };
		5A96CF8628E18FD60027325D /* sushilCoreDataPractiseUITests.xctest */ = {isa = PBXFileReference; explicitFileType = wrapper.cfbundle; includeInIndex = 0; path = sushilCoreDataPractiseUITests.xctest; sourceTree = BUILT_PRODUCTS_DIR; };
		5A96CF8A28E18FD60027325D /* sushilCoreDataPractiseUITests.swift */ = {isa = PBXFileReference; lastKnownFileType = sourcecode.swift; path = sushilCoreDataPractiseUITests.swift; sourceTree = "<group>"; };
		5A96CF8C28E18FD60027325D /* Info.plist */ = {isa = PBXFileReference; lastKnownFileType = text.plist.xml; path = Info.plist; sourceTree = "<group>"; };
		5A96CF9C28E192850027325D /* CoreData.framework */ = {isa = PBXFileReference; lastKnownFileType = wrapper.framework; name = CoreData.framework; path = System/Library/Frameworks/CoreData.framework; sourceTree = SDKROOT; };
		5A96CF9E28E1938B0027325D /* Employee+CoreDataClass.swift */ = {isa = PBXFileReference; lastKnownFileType = sourcecode.swift; path = "Employee+CoreDataClass.swift"; sourceTree = "<group>"; };
		5A96CF9F28E1938B0027325D /* Employee+CoreDataProperties.swift */ = {isa = PBXFileReference; lastKnownFileType = sourcecode.swift; path = "Employee+CoreDataProperties.swift"; sourceTree = "<group>"; };
		5A96CFAF28E193C00027325D /* DataBase.swift */ = {isa = PBXFileReference; lastKnownFileType = sourcecode.swift; path = DataBase.swift; sourceTree = "<group>"; };
		5A96CFB928E1948A0027325D /* FetchData.storyboard */ = {isa = PBXFileReference; lastKnownFileType = file.storyboard; path = FetchData.storyboard; sourceTree = "<group>"; };
		5A96CFC328E1B0A40027325D /* SecondViewController.swift */ = {isa = PBXFileReference; lastKnownFileType = sourcecode.swift; path = SecondViewController.swift; sourceTree = "<group>"; };
/* End PBXFileReference section */

/* Begin PBXFrameworksBuildPhase section */
		5A96CF5F28E18FCA0027325D /* Frameworks */ = {
			isa = PBXFrameworksBuildPhase;
			buildActionMask = 2147483647;
			files = (
				5A96CF9D28E192850027325D /* CoreData.framework in Frameworks */,
			);
			runOnlyForDeploymentPostprocessing = 0;
		};
		5A96CF7828E18FD60027325D /* Frameworks */ = {
			isa = PBXFrameworksBuildPhase;
			buildActionMask = 2147483647;
			files = (
			);
			runOnlyForDeploymentPostprocessing = 0;
		};
		5A96CF8328E18FD60027325D /* Frameworks */ = {
			isa = PBXFrameworksBuildPhase;
			buildActionMask = 2147483647;
			files = (
			);
			runOnlyForDeploymentPostprocessing = 0;
		};
/* End PBXFrameworksBuildPhase section */

/* Begin PBXGroup section */
		5A96CF5928E18FC90027325D = {
			isa = PBXGroup;
			children = (
				5A96CF6428E18FCA0027325D /* sushilCoreDataPractise */,
				5A96CF7E28E18FD60027325D /* sushilCoreDataPractiseTests */,
				5A96CF8928E18FD60027325D /* sushilCoreDataPractiseUITests */,
				5A96CF6328E18FCA0027325D /* Products */,
				5A96CF9B28E192850027325D /* Frameworks */,
			);
			sourceTree = "<group>";
		};
		5A96CF6328E18FCA0027325D /* Products */ = {
			isa = PBXGroup;
			children = (
				5A96CF6228E18FCA0027325D /* sushilCoreDataPractise.app */,
				5A96CF7B28E18FD60027325D /* sushilCoreDataPractiseTests.xctest */,
				5A96CF8628E18FD60027325D /* sushilCoreDataPractiseUITests.xctest */,
			);
			name = Products;
			sourceTree = "<group>";
		};
		5A96CF6428E18FCA0027325D /* sushilCoreDataPractise */ = {
			isa = PBXGroup;
			children = (
				5A96CFBE28E1949C0027325D /* Scene */,
				5A96CFAB28E1939C0027325D /* CoreData */,
				5A96CFB828E194370027325D /* StoryBoard */,
				5A96CFBF28E194B10027325D /* View */,
				5A96CF7128E18FD60027325D /* Assets.xcassets */,
				5A96CF7628E18FD60027325D /* Info.plist */,
			);
			path = sushilCoreDataPractise;
			sourceTree = "<group>";
		};
		5A96CF7E28E18FD60027325D /* sushilCoreDataPractiseTests */ = {
			isa = PBXGroup;
			children = (
				5A96CF7F28E18FD60027325D /* sushilCoreDataPractiseTests.swift */,
				5A96CF8128E18FD60027325D /* Info.plist */,
			);
			path = sushilCoreDataPractiseTests;
			sourceTree = "<group>";
		};
		5A96CF8928E18FD60027325D /* sushilCoreDataPractiseUITests */ = {
			isa = PBXGroup;
			children = (
				5A96CF8A28E18FD60027325D /* sushilCoreDataPractiseUITests.swift */,
				5A96CF8C28E18FD60027325D /* Info.plist */,
			);
			path = sushilCoreDataPractiseUITests;
			sourceTree = "<group>";
		};
		5A96CF9B28E192850027325D /* Frameworks */ = {
			isa = PBXGroup;
			children = (
				5A96CF9C28E192850027325D /* CoreData.framework */,
			);
			name = Frameworks;
			sourceTree = "<group>";
		};
		5A96CFAB28E1939C0027325D /* CoreData */ = {
			isa = PBXGroup;
			children = (
				5A96CF6E28E18FCA0027325D /* sushilCoreDataPractise.xcdatamodeld */,
				5A96CF9E28E1938B0027325D /* Employee+CoreDataClass.swift */,
				5A96CF9F28E1938B0027325D /* Employee+CoreDataProperties.swift */,
				5A96CFAF28E193C00027325D /* DataBase.swift */,
			);
			path = CoreData;
			sourceTree = "<group>";
		};
		5A96CFB828E194370027325D /* StoryBoard */ = {
			isa = PBXGroup;
			children = (
				5A96CF7328E18FD60027325D /* LaunchScreen.storyboard */,
				5A96CF6B28E18FCA0027325D /* Main.storyboard */,
				5A96CFB928E1948A0027325D /* FetchData.storyboard */,
			);
			path = StoryBoard;
			sourceTree = "<group>";
		};
		5A96CFBE28E1949C0027325D /* Scene */ = {
			isa = PBXGroup;
			children = (
				5A96CF6728E18FCA0027325D /* SceneDelegate.swift */,
				5A96CF6528E18FCA0027325D /* AppDelegate.swift */,
			);
			path = Scene;
			sourceTree = "<group>";
		};
		5A96CFBF28E194B10027325D /* View */ = {
			isa = PBXGroup;
			children = (
				5A96CF6928E18FCA0027325D /* ViewController.swift */,
				5A96CFC328E1B0A40027325D /* SecondViewController.swift */,
				5A7C56AF28E422A3003A3C6D /* ListCVC.swift */,
				5A7C56B628E432AF003A3C6D /* EmployeeDetailViewController.swift */,
				5A7C56B028E422A3003A3C6D /* ListCVC.xib */,
			);
			path = View;
			sourceTree = "<group>";
		};
/* End PBXGroup section */

/* Begin PBXNativeTarget section */
		5A96CF6128E18FCA0027325D /* sushilCoreDataPractise */ = {
			isa = PBXNativeTarget;
			buildConfigurationList = 5A96CF8F28E18FD60027325D /* Build configuration list for PBXNativeTarget "sushilCoreDataPractise" */;
			buildPhases = (
				5A96CF5E28E18FCA0027325D /* Sources */,
				5A96CF5F28E18FCA0027325D /* Frameworks */,
				5A96CF6028E18FCA0027325D /* Resources */,
			);
			buildRules = (
			);
			dependencies = (
			);
			name = sushilCoreDataPractise;
			productName = sushilCoreDataPractise;
			productReference = 5A96CF6228E18FCA0027325D /* sushilCoreDataPractise.app */;
			productType = "com.apple.product-type.application";
		};
		5A96CF7A28E18FD60027325D /* sushilCoreDataPractiseTests */ = {
			isa = PBXNativeTarget;
			buildConfigurationList = 5A96CF9228E18FD60027325D /* Build configuration list for PBXNativeTarget "sushilCoreDataPractiseTests" */;
			buildPhases = (
				5A96CF7728E18FD60027325D /* Sources */,
				5A96CF7828E18FD60027325D /* Frameworks */,
				5A96CF7928E18FD60027325D /* Resources */,
			);
			buildRules = (
			);
			dependencies = (
				5A96CF7D28E18FD60027325D /* PBXTargetDependency */,
			);
			name = sushilCoreDataPractiseTests;
			productName = sushilCoreDataPractiseTests;
			productReference = 5A96CF7B28E18FD60027325D /* sushilCoreDataPractiseTests.xctest */;
			productType = "com.apple.product-type.bundle.unit-test";
		};
		5A96CF8528E18FD60027325D /* sushilCoreDataPractiseUITests */ = {
			isa = PBXNativeTarget;
			buildConfigurationList = 5A96CF9528E18FD60027325D /* Build configuration list for PBXNativeTarget "sushilCoreDataPractiseUITests" */;
			buildPhases = (
				5A96CF8228E18FD60027325D /* Sources */,
				5A96CF8328E18FD60027325D /* Frameworks */,
				5A96CF8428E18FD60027325D /* Resources */,
			);
			buildRules = (
			);
			dependencies = (
				5A96CF8828E18FD60027325D /* PBXTargetDependency */,
			);
			name = sushilCoreDataPractiseUITests;
			productName = sushilCoreDataPractiseUITests;
			productReference = 5A96CF8628E18FD60027325D /* sushilCoreDataPractiseUITests.xctest */;
			productType = "com.apple.product-type.bundle.ui-testing";
		};
/* End PBXNativeTarget section */

/* Begin PBXProject section */
		5A96CF5A28E18FC90027325D /* Project object */ = {
			isa = PBXProject;
			attributes = {
				LastSwiftUpdateCheck = 1240;
				LastUpgradeCheck = 1240;
				TargetAttributes = {
					5A96CF6128E18FCA0027325D = {
						CreatedOnToolsVersion = 12.4;
					};
					5A96CF7A28E18FD60027325D = {
						CreatedOnToolsVersion = 12.4;
						TestTargetID = 5A96CF6128E18FCA0027325D;
					};
					5A96CF8528E18FD60027325D = {
						CreatedOnToolsVersion = 12.4;
						TestTargetID = 5A96CF6128E18FCA0027325D;
					};
				};
			};
			buildConfigurationList = 5A96CF5D28E18FC90027325D /* Build configuration list for PBXProject "sushilCoreDataPractise" */;
			compatibilityVersion = "Xcode 9.3";
			developmentRegion = en;
			hasScannedForEncodings = 0;
			knownRegions = (
				en,
				Base,
			);
			mainGroup = 5A96CF5928E18FC90027325D;
			productRefGroup = 5A96CF6328E18FCA0027325D /* Products */;
			projectDirPath = "";
			projectRoot = "";
			targets = (
				5A96CF6128E18FCA0027325D /* sushilCoreDataPractise */,
				5A96CF7A28E18FD60027325D /* sushilCoreDataPractiseTests */,
				5A96CF8528E18FD60027325D /* sushilCoreDataPractiseUITests */,
			);
		};
/* End PBXProject section */

/* Begin PBXResourcesBuildPhase section */
		5A96CF6028E18FCA0027325D /* Resources */ = {
			isa = PBXResourcesBuildPhase;
			buildActionMask = 2147483647;
			files = (
				5A96CF7528E18FD60027325D /* LaunchScreen.storyboard in Resources */,
				5A96CF7228E18FD60027325D /* Assets.xcassets in Resources */,
				5A96CF6D28E18FCA0027325D /* Main.storyboard in Resources */,
				5A7C56B228E422A3003A3C6D /* ListCVC.xib in Resources */,
				5A96CFBA28E1948A0027325D /* FetchData.storyboard in Resources */,
			);
			runOnlyForDeploymentPostprocessing = 0;
		};
		5A96CF7928E18FD60027325D /* Resources */ = {
			isa = PBXResourcesBuildPhase;
			buildActionMask = 2147483647;
			files = (
			);
			runOnlyForDeploymentPostprocessing = 0;
		};
		5A96CF8428E18FD60027325D /* Resources */ = {
			isa = PBXResourcesBuildPhase;
			buildActionMask = 2147483647;
			files = (
			);
			runOnlyForDeploymentPostprocessing = 0;
		};
/* End PBXResourcesBuildPhase section */

/* Begin PBXSourcesBuildPhase section */
		5A96CF5E28E18FCA0027325D /* Sources */ = {
			isa = PBXSourcesBuildPhase;
			buildActionMask = 2147483647;
			files = (
				5A7C56B128E422A3003A3C6D /* ListCVC.swift in Sources */,
				5A96CFC428E1B0A40027325D /* SecondViewController.swift in Sources */,
				5A96CF6A28E18FCA0027325D /* ViewController.swift in Sources */,
				5A96CFA128E1938B0027325D /* Employee+CoreDataProperties.swift in Sources */,
				5A96CF7028E18FCA0027325D /* sushilCoreDataPractise.xcdatamodeld in Sources */,
				5A96CF6628E18FCA0027325D /* AppDelegate.swift in Sources */,
				5A96CFB028E193C00027325D /* DataBase.swift in Sources */,
				5A96CFA028E1938B0027325D /* Employee+CoreDataClass.swift in Sources */,
				5A96CF6828E18FCA0027325D /* SceneDelegate.swift in Sources */,
				5A7C56B728E432AF003A3C6D /* EmployeeDetailViewController.swift in Sources */,
			);
			runOnlyForDeploymentPostprocessing = 0;
		};
		5A96CF7728E18FD60027325D /* Sources */ = {
			isa = PBXSourcesBuildPhase;
			buildActionMask = 2147483647;
			files = (
				5A96CF8028E18FD60027325D /* sushilCoreDataPractiseTests.swift in Sources */,
			);
			runOnlyForDeploymentPostprocessing = 0;
		};
		5A96CF8228E18FD60027325D /* Sources */ = {
			isa = PBXSourcesBuildPhase;
			buildActionMask = 2147483647;
			files = (
				5A96CF8B28E18FD60027325D /* sushilCoreDataPractiseUITests.swift in Sources */,
			);
			runOnlyForDeploymentPostprocessing = 0;
		};
/* End PBXSourcesBuildPhase section */

/* Begin PBXTargetDependency section */
		5A96CF7D28E18FD60027325D /* PBXTargetDependency */ = {
			isa = PBXTargetDependency;
			target = 5A96CF6128E18FCA0027325D /* sushilCoreDataPractise */;
			targetProxy = 5A96CF7C28E18FD60027325D /* PBXContainerItemProxy */;
		};
		5A96CF8828E18FD60027325D /* PBXTargetDependency */ = {
			isa = PBXTargetDependency;
			target = 5A96CF6128E18FCA0027325D /* sushilCoreDataPractise */;
			targetProxy = 5A96CF8728E18FD60027325D /* PBXContainerItemProxy */;
		};
/* End PBXTargetDependency section */

/* Begin PBXVariantGroup section */
		5A96CF6B28E18FCA0027325D /* Main.storyboard */ = {
			isa = PBXVariantGroup;
			children = (
				5A96CF6C28E18FCA0027325D /* Base */,
			);
			name = Main.storyboard;
			sourceTree = "<group>";
		};
		5A96CF7328E18FD60027325D /* LaunchScreen.storyboard */ = {
			isa = PBXVariantGroup;
			children = (
				5A96CF7428E18FD60027325D /* Base */,
			);
			name = LaunchScreen.storyboard;
			sourceTree = "<group>";
		};
/* End PBXVariantGroup section */

/* Begin XCBuildConfiguration section */
		5A96CF8D28E18FD60027325D /* Debug */ = {
			isa = XCBuildConfiguration;
			buildSettings = {
				ALWAYS_SEARCH_USER_PATHS = NO;
				CLANG_ANALYZER_NONNULL = YES;
				CLANG_ANALYZER_NUMBER_OBJECT_CONVERSION = YES_AGGRESSIVE;
				CLANG_CXX_LANGUAGE_STANDARD = "gnu++14";
				CLANG_CXX_LIBRARY = "libc++";
				CLANG_ENABLE_MODULES = YES;
				CLANG_ENABLE_OBJC_ARC = YES;
				CLANG_ENABLE_OBJC_WEAK = YES;
				CLANG_WARN_BLOCK_CAPTURE_AUTORELEASING = YES;
				CLANG_WARN_BOOL_CONVERSION = YES;
				CLANG_WARN_COMMA = YES;
				CLANG_WARN_CONSTANT_CONVERSION = YES;
				CLANG_WARN_DEPRECATED_OBJC_IMPLEMENTATIONS = YES;
				CLANG_WARN_DIRECT_OBJC_ISA_USAGE = YES_ERROR;
				CLANG_WARN_DOCUMENTATION_COMMENTS = YES;
				CLANG_WARN_EMPTY_BODY = YES;
				CLANG_WARN_ENUM_CONVERSION = YES;
				CLANG_WARN_INFINITE_RECURSION = YES;
				CLANG_WARN_INT_CONVERSION = YES;
				CLANG_WARN_NON_LITERAL_NULL_CONVERSION = YES;
				CLANG_WARN_OBJC_IMPLICIT_RETAIN_SELF = YES;
				CLANG_WARN_OBJC_LITERAL_CONVERSION = YES;
				CLANG_WARN_OBJC_ROOT_CLASS = YES_ERROR;
				CLANG_WARN_QUOTED_INCLUDE_IN_FRAMEWORK_HEADER = YES;
				CLANG_WARN_RANGE_LOOP_ANALYSIS = YES;
				CLANG_WARN_STRICT_PROTOTYPES = YES;
				CLANG_WARN_SUSPICIOUS_MOVE = YES;
				CLANG_WARN_UNGUARDED_AVAILABILITY = YES_AGGRESSIVE;
				CLANG_WARN_UNREACHABLE_CODE = YES;
				CLANG_WARN__DUPLICATE_METHOD_MATCH = YES;
				COPY_PHASE_STRIP = NO;
				DEBUG_INFORMATION_FORMAT = dwarf;
				ENABLE_STRICT_OBJC_MSGSEND = YES;
				ENABLE_TESTABILITY = YES;
				GCC_C_LANGUAGE_STANDARD = gnu11;
				GCC_DYNAMIC_NO_PIC = NO;
				GCC_NO_COMMON_BLOCKS = YES;
				GCC_OPTIMIZATION_LEVEL = 0;
				GCC_PREPROCESSOR_DEFINITIONS = (
					"DEBUG=1",
					"$(inherited)",
				);
				GCC_WARN_64_TO_32_BIT_CONVERSION = YES;
				GCC_WARN_ABOUT_RETURN_TYPE = YES_ERROR;
				GCC_WARN_UNDECLARED_SELECTOR = YES;
				GCC_WARN_UNINITIALIZED_AUTOS = YES_AGGRESSIVE;
				GCC_WARN_UNUSED_FUNCTION = YES;
				GCC_WARN_UNUSED_VARIABLE = YES;
				IPHONEOS_DEPLOYMENT_TARGET = 14.4;
				MTL_ENABLE_DEBUG_INFO = INCLUDE_SOURCE;
				MTL_FAST_MATH = YES;
				ONLY_ACTIVE_ARCH = YES;
				SDKROOT = iphoneos;
				SWIFT_ACTIVE_COMPILATION_CONDITIONS = DEBUG;
				SWIFT_OPTIMIZATION_LEVEL = "-Onone";
			};
			name = Debug;
		};
		5A96CF8E28E18FD60027325D /* Release */ = {
			isa = XCBuildConfiguration;
			buildSettings = {
				ALWAYS_SEARCH_USER_PATHS = NO;
				CLANG_ANALYZER_NONNULL = YES;
				CLANG_ANALYZER_NUMBER_OBJECT_CONVERSION = YES_AGGRESSIVE;
				CLANG_CXX_LANGUAGE_STANDARD = "gnu++14";
				CLANG_CXX_LIBRARY = "libc++";
				CLANG_ENABLE_MODULES = YES;
				CLANG_ENABLE_OBJC_ARC = YES;
				CLANG_ENABLE_OBJC_WEAK = YES;
				CLANG_WARN_BLOCK_CAPTURE_AUTORELEASING = YES;
				CLANG_WARN_BOOL_CONVERSION = YES;
				CLANG_WARN_COMMA = YES;
				CLANG_WARN_CONSTANT_CONVERSION = YES;
				CLANG_WARN_DEPRECATED_OBJC_IMPLEMENTATIONS = YES;
				CLANG_WARN_DIRECT_OBJC_ISA_USAGE = YES_ERROR;
				CLANG_WARN_DOCUMENTATION_COMMENTS = YES;
				CLANG_WARN_EMPTY_BODY = YES;
				CLANG_WARN_ENUM_CONVERSION = YES;
				CLANG_WARN_INFINITE_RECURSION = YES;
				CLANG_WARN_INT_CONVERSION = YES;
				CLANG_WARN_NON_LITERAL_NULL_CONVERSION = YES;
				CLANG_WARN_OBJC_IMPLICIT_RETAIN_SELF = YES;
				CLANG_WARN_OBJC_LITERAL_CONVERSION = YES;
				CLANG_WARN_OBJC_ROOT_CLASS = YES_ERROR;
				CLANG_WARN_QUOTED_INCLUDE_IN_FRAMEWORK_HEADER = YES;
				CLANG_WARN_RANGE_LOOP_ANALYSIS = YES;
				CLANG_WARN_STRICT_PROTOTYPES = YES;
				CLANG_WARN_SUSPICIOUS_MOVE = YES;
				CLANG_WARN_UNGUARDED_AVAILABILITY = YES_AGGRESSIVE;
				CLANG_WARN_UNREACHABLE_CODE = YES;
				CLANG_WARN__DUPLICATE_METHOD_MATCH = YES;
				COPY_PHASE_STRIP = NO;
				DEBUG_INFORMATION_FORMAT = "dwarf-with-dsym";
				ENABLE_NS_ASSERTIONS = NO;
				ENABLE_STRICT_OBJC_MSGSEND = YES;
				GCC_C_LANGUAGE_STANDARD = gnu11;
				GCC_NO_COMMON_BLOCKS = YES;
				GCC_WARN_64_TO_32_BIT_CONVERSION = YES;
				GCC_WARN_ABOUT_RETURN_TYPE = YES_ERROR;
				GCC_WARN_UNDECLARED_SELECTOR = YES;
				GCC_WARN_UNINITIALIZED_AUTOS = YES_AGGRESSIVE;
				GCC_WARN_UNUSED_FUNCTION = YES;
				GCC_WARN_UNUSED_VARIABLE = YES;
				IPHONEOS_DEPLOYMENT_TARGET = 14.4;
				MTL_ENABLE_DEBUG_INFO = NO;
				MTL_FAST_MATH = YES;
				SDKROOT = iphoneos;
				SWIFT_COMPILATION_MODE = wholemodule;
				SWIFT_OPTIMIZATION_LEVEL = "-O";
				VALIDATE_PRODUCT = YES;
			};
			name = Release;
		};
		5A96CF9028E18FD60027325D /* Debug */ = {
			isa = XCBuildConfiguration;
			buildSettings = {
				ASSETCATALOG_COMPILER_APPICON_NAME = AppIcon;
				ASSETCATALOG_COMPILER_GLOBAL_ACCENT_COLOR_NAME = AccentColor;
				CODE_SIGN_STYLE = Automatic;
				INFOPLIST_FILE = sushilCoreDataPractise/Info.plist;
				LD_RUNPATH_SEARCH_PATHS = (
					"$(inherited)",
					"@executable_path/Frameworks",
				);
				PRODUCT_BUNDLE_IDENTIFIER = com.testnew.devapp.sushilCoreDataPractise;
				PRODUCT_NAME = "$(TARGET_NAME)";
				SWIFT_VERSION = 5.0;
				TARGETED_DEVICE_FAMILY = "1,2";
			};
			name = Debug;
		};
		5A96CF9128E18FD60027325D /* Release */ = {
			isa = XCBuildConfiguration;
			buildSettings = {
				ASSETCATALOG_COMPILER_APPICON_NAME = AppIcon;
				ASSETCATALOG_COMPILER_GLOBAL_ACCENT_COLOR_NAME = AccentColor;
				CODE_SIGN_STYLE = Automatic;
				INFOPLIST_FILE = sushilCoreDataPractise/Info.plist;
				LD_RUNPATH_SEARCH_PATHS = (
					"$(inherited)",
					"@executable_path/Frameworks",
				);
				PRODUCT_BUNDLE_IDENTIFIER = com.testnew.devapp.sushilCoreDataPractise;
				PRODUCT_NAME = "$(TARGET_NAME)";
				SWIFT_VERSION = 5.0;
				TARGETED_DEVICE_FAMILY = "1,2";
			};
			name = Release;
		};
		5A96CF9328E18FD60027325D /* Debug */ = {
			isa = XCBuildConfiguration;
			buildSettings = {
				ALWAYS_EMBED_SWIFT_STANDARD_LIBRARIES = YES;
				BUNDLE_LOADER = "$(TEST_HOST)";
				CODE_SIGN_STYLE = Automatic;
				INFOPLIST_FILE = sushilCoreDataPractiseTests/Info.plist;
				IPHONEOS_DEPLOYMENT_TARGET = 14.4;
				LD_RUNPATH_SEARCH_PATHS = (
					"$(inherited)",
					"@executable_path/Frameworks",
					"@loader_path/Frameworks",
				);
				PRODUCT_BUNDLE_IDENTIFIER = com.testnew.devapp.sushilCoreDataPractiseTests;
				PRODUCT_NAME = "$(TARGET_NAME)";
				SWIFT_VERSION = 5.0;
				TARGETED_DEVICE_FAMILY = "1,2";
				TEST_HOST = "$(BUILT_PRODUCTS_DIR)/sushilCoreDataPractise.app/sushilCoreDataPractise";
			};
			name = Debug;
		};
		5A96CF9428E18FD60027325D /* Release */ = {
			isa = XCBuildConfiguration;
			buildSettings = {
				ALWAYS_EMBED_SWIFT_STANDARD_LIBRARIES = YES;
				BUNDLE_LOADER = "$(TEST_HOST)";
				CODE_SIGN_STYLE = Automatic;
				INFOPLIST_FILE = sushilCoreDataPractiseTests/Info.plist;
				IPHONEOS_DEPLOYMENT_TARGET = 14.4;
				LD_RUNPATH_SEARCH_PATHS = (
					"$(inherited)",
					"@executable_path/Frameworks",
					"@loader_path/Frameworks",
				);
				PRODUCT_BUNDLE_IDENTIFIER = com.testnew.devapp.sushilCoreDataPractiseTests;
				PRODUCT_NAME = "$(TARGET_NAME)";
				SWIFT_VERSION = 5.0;
				TARGETED_DEVICE_FAMILY = "1,2";
				TEST_HOST = "$(BUILT_PRODUCTS_DIR)/sushilCoreDataPractise.app/sushilCoreDataPractise";
			};
			name = Release;
		};
		5A96CF9628E18FD60027325D /* Debug */ = {
			isa = XCBuildConfiguration;
			buildSettings = {
				ALWAYS_EMBED_SWIFT_STANDARD_LIBRARIES = YES;
				CODE_SIGN_STYLE = Automatic;
				INFOPLIST_FILE = sushilCoreDataPractiseUITests/Info.plist;
				LD_RUNPATH_SEARCH_PATHS = (
					"$(inherited)",
					"@executable_path/Frameworks",
					"@loader_path/Frameworks",
				);
				PRODUCT_BUNDLE_IDENTIFIER = com.testnew.devapp.sushilCoreDataPractiseUITests;
				PRODUCT_NAME = "$(TARGET_NAME)";
				SWIFT_VERSION = 5.0;
				TARGETED_DEVICE_FAMILY = "1,2";
				TEST_TARGET_NAME = sushilCoreDataPractise;
			};
			name = Debug;
		};
		5A96CF9728E18FD60027325D /* Release */ = {
			isa = XCBuildConfiguration;
			buildSettings = {
				ALWAYS_EMBED_SWIFT_STANDARD_LIBRARIES = YES;
				CODE_SIGN_STYLE = Automatic;
				INFOPLIST_FILE = sushilCoreDataPractiseUITests/Info.plist;
				LD_RUNPATH_SEARCH_PATHS = (
					"$(inherited)",
					"@executable_path/Frameworks",
					"@loader_path/Frameworks",
				);
				PRODUCT_BUNDLE_IDENTIFIER = com.testnew.devapp.sushilCoreDataPractiseUITests;
				PRODUCT_NAME = "$(TARGET_NAME)";
				SWIFT_VERSION = 5.0;
				TARGETED_DEVICE_FAMILY = "1,2";
				TEST_TARGET_NAME = sushilCoreDataPractise;
			};
			name = Release;
		};
/* End XCBuildConfiguration section */

/* Begin XCConfigurationList section */
		5A96CF5D28E18FC90027325D /* Build configuration list for PBXProject "sushilCoreDataPractise" */ = {
			isa = XCConfigurationList;
			buildConfigurations = (
				5A96CF8D28E18FD60027325D /* Debug */,
				5A96CF8E28E18FD60027325D /* Release */,
			);
			defaultConfigurationIsVisible = 0;
			defaultConfigurationName = Release;
		};
		5A96CF8F28E18FD60027325D /* Build configuration list for PBXNativeTarget "sushilCoreDataPractise" */ = {
			isa = XCConfigurationList;
			buildConfigurations = (
				5A96CF9028E18FD60027325D /* Debug */,
				5A96CF9128E18FD60027325D /* Release */,
			);
			defaultConfigurationIsVisible = 0;
			defaultConfigurationName = Release;
		};
		5A96CF9228E18FD60027325D /* Build configuration list for PBXNativeTarget "sushilCoreDataPractiseTests" */ = {
			isa = XCConfigurationList;
			buildConfigurations = (
				5A96CF9328E18FD60027325D /* Debug */,
				5A96CF9428E18FD60027325D /* Release */,
			);
			defaultConfigurationIsVisible = 0;
			defaultConfigurationName = Release;
		};
		5A96CF9528E18FD60027325D /* Build configuration list for PBXNativeTarget "sushilCoreDataPractiseUITests" */ = {
			isa = XCConfigurationList;
			buildConfigurations = (
				5A96CF9628E18FD60027325D /* Debug */,
				5A96CF9728E18FD60027325D /* Release */,
			);
			defaultConfigurationIsVisible = 0;
			defaultConfigurationName = Release;
		};
/* End XCConfigurationList section */

/* Begin XCVersionGroup section */
		5A96CF6E28E18FCA0027325D /* sushilCoreDataPractise.xcdatamodeld */ = {
			isa = XCVersionGroup;
			children = (
				5A96CF6F28E18FCA0027325D /* sushilCoreDataPractise.xcdatamodel */,
			);
			currentVersion = 5A96CF6F28E18FCA0027325D /* sushilCoreDataPractise.xcdatamodel */;
			path = sushilCoreDataPractise.xcdatamodeld;
			sourceTree = "<group>";
			versionGroupType = wrapper.xcdatamodel;
		};
/* End XCVersionGroup section */
	};
	rootObject = 5A96CF5A28E18FC90027325D /* Project object */;
}
